
Microsoft Visual Studio Solution File, Format Version 12.00
# Visual Studio 15
VisualStudioVersion = 15.0.26430.13
MinimumVisualStudioVersion = 10.0.40219.1
Project("{9A19103F-16F7-4668-BE54-9A1E7A4F7556}") = "Application", "Application\Application.csproj", "{09B34598-3BAE-4F6B-A246-3B4AF22EFCE5}"
EndProject
Project("{9092AA53-FB77-4645-B42D-1CCCA6BD08BD}") = "UniversalExpress", "Submodule\UniversalExpress\UniversalExpress.njsproj", "{65F95D4D-36AD-4330-A7A6-BCE1011DEA88}"
EndProject
Project("{9A19103F-16F7-4668-BE54-9A1E7A4F7556}") = "UnitTest", "Submodule\UnitTest\UnitTest.csproj", "{68FA5CD3-DF11-4C6E-9A79-50F51EED109C}"
EndProject
Project("{FAE04EC0-301F-11D3-BF4B-00C04F79EFBC}") = "Office", "Submodule\Office\Office.csproj", "{2F446598-7ED1-4499-856D-7FB1B2191DCB}"
EndProject
Project("{9A19103F-16F7-4668-BE54-9A1E7A4F7556}") = "Framework", "Submodule\Framework\Framework.csproj", "{71EF0870-6731-4FB2-B17B-3A2521FFDB59}"
EndProject
Project("{9A19103F-16F7-4668-BE54-9A1E7A4F7556}") = "Server", "Server\Server.csproj", "{AD700978-DECF-4985-92EA-4E09A8FD2F79}"
EndProject
Project("{9A19103F-16F7-4668-BE54-9A1E7A4F7556}") = "BuildTool", "BuildTool\BuildTool.csproj", "{E08977AB-5B42-4384-81B8-89E91B9A9566}"
EndProject
Project("{9A19103F-16F7-4668-BE54-9A1E7A4F7556}") = "Framework.BuildTool", "Submodule\Framework.BuildTool\Framework.BuildTool.csproj", "{6DA581AD-6406-45B8-BEF4-A3B98B464606}"
EndProject
Project("{9A19103F-16F7-4668-BE54-9A1E7A4F7556}") = "Build", "Build\Build.csproj", "{C105857D-904C-4033-9284-4081110F384E}"
EndProject
Global
	GlobalSection(SolutionConfigurationPlatforms) = preSolution
		Debug|Any CPU = Debug|Any CPU
		Release|Any CPU = Release|Any CPU
	EndGlobalSection
	GlobalSection(ProjectConfigurationPlatforms) = postSolution
		{09B34598-3BAE-4F6B-A246-3B4AF22EFCE5}.Debug|Any CPU.ActiveCfg = Debug|Any CPU
		{09B34598-3BAE-4F6B-A246-3B4AF22EFCE5}.Debug|Any CPU.Build.0 = Debug|Any CPU
		{09B34598-3BAE-4F6B-A246-3B4AF22EFCE5}.Release|Any CPU.ActiveCfg = Release|Any CPU
		{09B34598-3BAE-4F6B-A246-3B4AF22EFCE5}.Release|Any CPU.Build.0 = Release|Any CPU
		{65F95D4D-36AD-4330-A7A6-BCE1011DEA88}.Debug|Any CPU.ActiveCfg = Debug|Any CPU
		{65F95D4D-36AD-4330-A7A6-BCE1011DEA88}.Debug|Any CPU.Build.0 = Debug|Any CPU
		{65F95D4D-36AD-4330-A7A6-BCE1011DEA88}.Release|Any CPU.ActiveCfg = Release|Any CPU
		{65F95D4D-36AD-4330-A7A6-BCE1011DEA88}.Release|Any CPU.Build.0 = Release|Any CPU
		{68FA5CD3-DF11-4C6E-9A79-50F51EED109C}.Debug|Any CPU.ActiveCfg = Debug|Any CPU
		{68FA5CD3-DF11-4C6E-9A79-50F51EED109C}.Debug|Any CPU.Build.0 = Debug|Any CPU
		{68FA5CD3-DF11-4C6E-9A79-50F51EED109C}.Release|Any CPU.ActiveCfg = Release|Any CPU
		{68FA5CD3-DF11-4C6E-9A79-50F51EED109C}.Release|Any CPU.Build.0 = Release|Any CPU
		{2F446598-7ED1-4499-856D-7FB1B2191DCB}.Debug|Any CPU.ActiveCfg = Debug|Any CPU
		{2F446598-7ED1-4499-856D-7FB1B2191DCB}.Debug|Any CPU.Build.0 = Debug|Any CPU
		{2F446598-7ED1-4499-856D-7FB1B2191DCB}.Release|Any CPU.ActiveCfg = Release|Any CPU
		{2F446598-7ED1-4499-856D-7FB1B2191DCB}.Release|Any CPU.Build.0 = Release|Any CPU
		{71EF0870-6731-4FB2-B17B-3A2521FFDB59}.Debug|Any CPU.ActiveCfg = Debug|Any CPU
		{71EF0870-6731-4FB2-B17B-3A2521FFDB59}.Debug|Any CPU.Build.0 = Debug|Any CPU
		{71EF0870-6731-4FB2-B17B-3A2521FFDB59}.Release|Any CPU.ActiveCfg = Release|Any CPU
		{71EF0870-6731-4FB2-B17B-3A2521FFDB59}.Release|Any CPU.Build.0 = Release|Any CPU
		{AD700978-DECF-4985-92EA-4E09A8FD2F79}.Debug|Any CPU.ActiveCfg = Debug|Any CPU
		{AD700978-DECF-4985-92EA-4E09A8FD2F79}.Debug|Any CPU.Build.0 = Debug|Any CPU
		{AD700978-DECF-4985-92EA-4E09A8FD2F79}.Release|Any CPU.ActiveCfg = Release|Any CPU
		{AD700978-DECF-4985-92EA-4E09A8FD2F79}.Release|Any CPU.Build.0 = Release|Any CPU
		{E08977AB-5B42-4384-81B8-89E91B9A9566}.Debug|Any CPU.ActiveCfg = Debug|Any CPU
		{E08977AB-5B42-4384-81B8-89E91B9A9566}.Debug|Any CPU.Build.0 = Debug|Any CPU
		{E08977AB-5B42-4384-81B8-89E91B9A9566}.Release|Any CPU.ActiveCfg = Release|Any CPU
		{E08977AB-5B42-4384-81B8-89E91B9A9566}.Release|Any CPU.Build.0 = Release|Any CPU
		{6DA581AD-6406-45B8-BEF4-A3B98B464606}.Debug|Any CPU.ActiveCfg = Debug|Any CPU
		{6DA581AD-6406-45B8-BEF4-A3B98B464606}.Debug|Any CPU.Build.0 = Debug|Any CPU
		{6DA581AD-6406-45B8-BEF4-A3B98B464606}.Release|Any CPU.ActiveCfg = Release|Any CPU
		{6DA581AD-6406-45B8-BEF4-A3B98B464606}.Release|Any CPU.Build.0 = Release|Any CPU
		{C105857D-904C-4033-9284-4081110F384E}.Debug|Any CPU.ActiveCfg = Debug|Any CPU
		{C105857D-904C-4033-9284-4081110F384E}.Debug|Any CPU.Build.0 = Debug|Any CPU
		{C105857D-904C-4033-9284-4081110F384E}.Release|Any CPU.ActiveCfg = Release|Any CPU
		{C105857D-904C-4033-9284-4081110F384E}.Release|Any CPU.Build.0 = Release|Any CPU
	EndGlobalSection
	GlobalSection(SolutionProperties) = preSolution
		HideSolutionNode = FALSE
	EndGlobalSection
EndGlobal
